
Microsoft Visual Studio Solution File, Format Version 12.00
Project("{2150E333-8FDC-42A3-9474-1A3956D46DE8}") = "src", "src", "{529FDD1A-0AFF-431C-B1D5-000F788A636F}"
EndProject
Project("{FAE04EC0-301F-11D3-BF4B-00C04F79EFBC}") = "Fermion.Domain.Extensions", "src\Fermion.Domain.Extensions\Fermion.Domain.Extensions.csproj", "{43F0F7B3-5546-423F-82E7-3D2DD9280692}"
EndProject
Global
	GlobalSection(SolutionConfigurationPlatforms) = preSolution
		Debug|Any CPU = Debug|Any CPU
		Release|Any CPU = Release|Any CPU
	EndGlobalSection
	GlobalSection(NestedProjects) = preSolution
		{43F0F7B3-5546-423F-82E7-3D2DD9280692} = {529FDD1A-0AFF-431C-B1D5-000F788A636F}
	EndGlobalSection
	GlobalSection(ProjectConfigurationPlatforms) = postSolution
		{43F0F7B3-5546-423F-82E7-3D2DD9280692}.Debug|Any CPU.ActiveCfg = Debug|Any CPU
		{43F0F7B3-5546-423F-82E7-3D2DD9280692}.Debug|Any CPU.Build.0 = Debug|Any CPU
		{43F0F7B3-5546-423F-82E7-3D2DD9280692}.Release|Any CPU.ActiveCfg = Release|Any CPU
		{43F0F7B3-5546-423F-82E7-3D2DD9280692}.Release|Any CPU.Build.0 = Release|Any CPU
	EndGlobalSection
EndGlobal
